// !$*UTF8*$!
{
	archiveVersion = 1;
	classes = {
	};
	objectVersion = 56;
	objects = {

/* Begin PBXBuildFile section */
		FEC4DF762B4867E700557A9C /* AppDelegate.swift in Sources */ = {isa = PBXBuildFile; fileRef = FEC4DF752B4867E700557A9C /* AppDelegate.swift */; };
		FEC4DF782B4867E700557A9C /* SceneDelegate.swift in Sources */ = {isa = PBXBuildFile; fileRef = FEC4DF772B4867E700557A9C /* SceneDelegate.swift */; };
		FEC4DF7A2B4867E700557A9C /* ViewController.swift in Sources */ = {isa = PBXBuildFile; fileRef = FEC4DF792B4867E700557A9C /* ViewController.swift */; };
		FEC4DF7D2B4867E700557A9C /* Main.storyboard in Resources */ = {isa = PBXBuildFile; fileRef = FEC4DF7B2B4867E700557A9C /* Main.storyboard */; };
		FEC4DF7F2B4867E800557A9C /* Assets.xcassets in Resources */ = {isa = PBXBuildFile; fileRef = FEC4DF7E2B4867E800557A9C /* Assets.xcassets */; };
		FEC4DF822B4867E800557A9C /* LaunchScreen.storyboard in Resources */ = {isa = PBXBuildFile; fileRef = FEC4DF802B4867E800557A9C /* LaunchScreen.storyboard */; };
		FEC4DF8D2B4867E800557A9C /* Floor_Is_LavaTests.swift in Sources */ = {isa = PBXBuildFile; fileRef = FEC4DF8C2B4867E800557A9C /* Floor_Is_LavaTests.swift */; };
		FEC4DF972B4867E800557A9C /* Floor_Is_LavaUITests.swift in Sources */ = {isa = PBXBuildFile; fileRef = FEC4DF962B4867E800557A9C /* Floor_Is_LavaUITests.swift */; };
		FEC4DF992B4867E800557A9C /* Floor_Is_LavaUITestsLaunchTests.swift in Sources */ = {isa = PBXBuildFile; fileRef = FEC4DF982B4867E800557A9C /* Floor_Is_LavaUITestsLaunchTests.swift */; };
/* End PBXBuildFile section */

/* Begin PBXContainerItemProxy section */
		FEC4DF892B4867E800557A9C /* PBXContainerItemProxy */ = {
			isa = PBXContainerItemProxy;
			containerPortal = FEC4DF6A2B4867E700557A9C /* Project object */;
			proxyType = 1;
			remoteGlobalIDString = FEC4DF712B4867E700557A9C;
			remoteInfo = "Floor Is Lava";
		};
		FEC4DF932B4867E800557A9C /* PBXContainerItemProxy */ = {
			isa = PBXContainerItemProxy;
			containerPortal = FEC4DF6A2B4867E700557A9C /* Project object */;
			proxyType = 1;
			remoteGlobalIDString = FEC4DF712B4867E700557A9C;
			remoteInfo = "Floor Is Lava";
		};
/* End PBXContainerItemProxy section */

/* Begin PBXFileReference section */
		FEC4DF722B4867E700557A9C /* Floor Is Lava.app */ = {isa = PBXFileReference; explicitFileType = wrapper.application; includeInIndex = 0; path = "Floor Is Lava.app"; sourceTree = BUILT_PRODUCTS_DIR; };
		FEC4DF752B4867E700557A9C /* AppDelegate.swift */ = {isa = PBXFileReference; lastKnownFileType = sourcecode.swift; path = AppDelegate.swift; sourceTree = "<group>"; };
		FEC4DF772B4867E700557A9C /* SceneDelegate.swift */ = {isa = PBXFileReference; lastKnownFileType = sourcecode.swift; path = SceneDelegate.swift; sourceTree = "<group>"; };
		FEC4DF792B4867E700557A9C /* ViewController.swift */ = {isa = PBXFileReference; lastKnownFileType = sourcecode.swift; path = ViewController.swift; sourceTree = "<group>"; };
		FEC4DF7C2B4867E700557A9C /* Base */ = {isa = PBXFileReference; lastKnownFileType = file.storyboard; name = Base; path = Base.lproj/Main.storyboard; sourceTree = "<group>"; };
		FEC4DF7E2B4867E800557A9C /* Assets.xcassets */ = {isa = PBXFileReference; lastKnownFileType = folder.assetcatalog; path = Assets.xcassets; sourceTree = "<group>"; };
		FEC4DF812B4867E800557A9C /* Base */ = {isa = PBXFileReference; lastKnownFileType = file.storyboard; name = Base; path = Base.lproj/LaunchScreen.storyboard; sourceTree = "<group>"; };
		FEC4DF832B4867E800557A9C /* Info.plist */ = {isa = PBXFileReference; lastKnownFileType = text.plist.xml; path = Info.plist; sourceTree = "<group>"; };
		FEC4DF882B4867E800557A9C /* Floor Is LavaTests.xctest */ = {isa = PBXFileReference; explicitFileType = wrapper.cfbundle; includeInIndex = 0; path = "Floor Is LavaTests.xctest"; sourceTree = BUILT_PRODUCTS_DIR; };
		FEC4DF8C2B4867E800557A9C /* Floor_Is_LavaTests.swift */ = {isa = PBXFileReference; lastKnownFileType = sourcecode.swift; path = Floor_Is_LavaTests.swift; sourceTree = "<group>"; };
		FEC4DF922B4867E800557A9C /* Floor Is LavaUITests.xctest */ = {isa = PBXFileReference; explicitFileType = wrapper.cfbundle; includeInIndex = 0; path = "Floor Is LavaUITests.xctest"; sourceTree = BUILT_PRODUCTS_DIR; };
		FEC4DF962B4867E800557A9C /* Floor_Is_LavaUITests.swift */ = {isa = PBXFileReference; lastKnownFileType = sourcecode.swift; path = Floor_Is_LavaUITests.swift; sourceTree = "<group>"; };
		FEC4DF982B4867E800557A9C /* Floor_Is_LavaUITestsLaunchTests.swift */ = {isa = PBXFileReference; lastKnownFileType = sourcecode.swift; path = Floor_Is_LavaUITestsLaunchTests.swift; sourceTree = "<group>"; };
/* End PBXFileReference section */

/* Begin PBXFrameworksBuildPhase section */
		FEC4DF6F2B4867E700557A9C /* Frameworks */ = {
			isa = PBXFrameworksBuildPhase;
			buildActionMask = 2147483647;
			files = (
			);
			runOnlyForDeploymentPostprocessing = 0;
		};
		FEC4DF852B4867E800557A9C /* Frameworks */ = {
			isa = PBXFrameworksBuildPhase;
			buildActionMask = 2147483647;
			files = (
			);
			runOnlyForDeploymentPostprocessing = 0;
		};
		FEC4DF8F2B4867E800557A9C /* Frameworks */ = {
			isa = PBXFrameworksBuildPhase;
			buildActionMask = 2147483647;
			files = (
			);
			runOnlyForDeploymentPostprocessing = 0;
		};
/* End PBXFrameworksBuildPhase section */

/* Begin PBXGroup section */
		FEC4DF692B4867E700557A9C = {
			isa = PBXGroup;
			children = (
				FEC4DF742B4867E700557A9C /* Floor Is Lava */,
				FEC4DF8B2B4867E800557A9C /* Floor Is LavaTests */,
				FEC4DF952B4867E800557A9C /* Floor Is LavaUITests */,
				FEC4DF732B4867E700557A9C /* Products */,
			);
			sourceTree = "<group>";
		};
		FEC4DF732B4867E700557A9C /* Products */ = {
			isa = PBXGroup;
			children = (
				FEC4DF722B4867E700557A9C /* Floor Is Lava.app */,
				FEC4DF882B4867E800557A9C /* Floor Is LavaTests.xctest */,
				FEC4DF922B4867E800557A9C /* Floor Is LavaUITests.xctest */,
			);
			name = Products;
			sourceTree = "<group>";
		};
		FEC4DF742B4867E700557A9C /* Floor Is Lava */ = {
			isa = PBXGroup;
			children = (
				FEC4DF752B4867E700557A9C /* AppDelegate.swift */,
				FEC4DF772B4867E700557A9C /* SceneDelegate.swift */,
				FEC4DF792B4867E700557A9C /* ViewController.swift */,
				FEC4DF7B2B4867E700557A9C /* Main.storyboard */,
				FEC4DF7E2B4867E800557A9C /* Assets.xcassets */,
				FEC4DF802B4867E800557A9C /* LaunchScreen.storyboard */,
				FEC4DF832B4867E800557A9C /* Info.plist */,
			);
			path = "Floor Is Lava";
			sourceTree = "<group>";
		};
		FEC4DF8B2B4867E800557A9C /* Floor Is LavaTests */ = {
			isa = PBXGroup;
			children = (
				FEC4DF8C2B4867E800557A9C /* Floor_Is_LavaTests.swift */,
			);
			path = "Floor Is LavaTests";
			sourceTree = "<group>";
		};
		FEC4DF952B4867E800557A9C /* Floor Is LavaUITests */ = {
			isa = PBXGroup;
			children = (
				FEC4DF962B4867E800557A9C /* Floor_Is_LavaUITests.swift */,
				FEC4DF982B4867E800557A9C /* Floor_Is_LavaUITestsLaunchTests.swift */,
			);
			path = "Floor Is LavaUITests";
			sourceTree = "<group>";
		};
/* End PBXGroup section */

/* Begin PBXNativeTarget section */
		FEC4DF712B4867E700557A9C /* Floor Is Lava */ = {
			isa = PBXNativeTarget;
			buildConfigurationList = FEC4DF9C2B4867E800557A9C /* Build configuration list for PBXNativeTarget "Floor Is Lava" */;
			buildPhases = (
				FEC4DF6E2B4867E700557A9C /* Sources */,
				FEC4DF6F2B4867E700557A9C /* Frameworks */,
				FEC4DF702B4867E700557A9C /* Resources */,
			);
			buildRules = (
			);
			dependencies = (
			);
			name = "Floor Is Lava";
			productName = "Floor Is Lava";
			productReference = FEC4DF722B4867E700557A9C /* Floor Is Lava.app */;
			productType = "com.apple.product-type.application";
		};
		FEC4DF872B4867E800557A9C /* Floor Is LavaTests */ = {
			isa = PBXNativeTarget;
			buildConfigurationList = FEC4DF9F2B4867E800557A9C /* Build configuration list for PBXNativeTarget "Floor Is LavaTests" */;
			buildPhases = (
				FEC4DF842B4867E800557A9C /* Sources */,
				FEC4DF852B4867E800557A9C /* Frameworks */,
				FEC4DF862B4867E800557A9C /* Resources */,
			);
			buildRules = (
			);
			dependencies = (
				FEC4DF8A2B4867E800557A9C /* PBXTargetDependency */,
			);
			name = "Floor Is LavaTests";
			productName = "Floor Is LavaTests";
			productReference = FEC4DF882B4867E800557A9C /* Floor Is LavaTests.xctest */;
			productType = "com.apple.product-type.bundle.unit-test";
		};
		FEC4DF912B4867E800557A9C /* Floor Is LavaUITests */ = {
			isa = PBXNativeTarget;
			buildConfigurationList = FEC4DFA22B4867E800557A9C /* Build configuration list for PBXNativeTarget "Floor Is LavaUITests" */;
			buildPhases = (
				FEC4DF8E2B4867E800557A9C /* Sources */,
				FEC4DF8F2B4867E800557A9C /* Frameworks */,
				FEC4DF902B4867E800557A9C /* Resources */,
			);
			buildRules = (
			);
			dependencies = (
				FEC4DF942B4867E800557A9C /* PBXTargetDependency */,
			);
			name = "Floor Is LavaUITests";
			productName = "Floor Is LavaUITests";
			productReference = FEC4DF922B4867E800557A9C /* Floor Is LavaUITests.xctest */;
			productType = "com.apple.product-type.bundle.ui-testing";
		};
/* End PBXNativeTarget section */

/* Begin PBXProject section */
		FEC4DF6A2B4867E700557A9C /* Project object */ = {
			isa = PBXProject;
			attributes = {
				BuildIndependentTargetsInParallel = 1;
				LastSwiftUpdateCheck = 1510;
				LastUpgradeCheck = 1510;
				TargetAttributes = {
					FEC4DF712B4867E700557A9C = {
						CreatedOnToolsVersion = 15.1;
					};
					FEC4DF872B4867E800557A9C = {
						CreatedOnToolsVersion = 15.1;
						TestTargetID = FEC4DF712B4867E700557A9C;
					};
					FEC4DF912B4867E800557A9C = {
						CreatedOnToolsVersion = 15.1;
						TestTargetID = FEC4DF712B4867E700557A9C;
					};
				};
			};
			buildConfigurationList = FEC4DF6D2B4867E700557A9C /* Build configuration list for PBXProject "Floor Is Lava" */;
			compatibilityVersion = "Xcode 14.0";
			developmentRegion = en;
			hasScannedForEncodings = 0;
			knownRegions = (
				en,
				Base,
			);
			mainGroup = FEC4DF692B4867E700557A9C;
			productRefGroup = FEC4DF732B4867E700557A9C /* Products */;
			projectDirPath = "";
			projectRoot = "";
			targets = (
				FEC4DF712B4867E700557A9C /* Floor Is Lava */,
				FEC4DF872B4867E800557A9C /* Floor Is LavaTests */,
				FEC4DF912B4867E800557A9C /* Floor Is LavaUITests */,
			);
		};
/* End PBXProject section */

/* Begin PBXResourcesBuildPhase section */
		FEC4DF702B4867E700557A9C /* Resources */ = {
			isa = PBXResourcesBuildPhase;
			buildActionMask = 2147483647;
			files = (
				FEC4DF822B4867E800557A9C /* LaunchScreen.storyboard in Resources */,
				FEC4DF7F2B4867E800557A9C /* Assets.xcassets in Resources */,
				FEC4DF7D2B4867E700557A9C /* Main.storyboard in Resources */,
			);
			runOnlyForDeploymentPostprocessing = 0;
		};
		FEC4DF862B4867E800557A9C /* Resources */ = {
			isa = PBXResourcesBuildPhase;
			buildActionMask = 2147483647;
			files = (
			);
			runOnlyForDeploymentPostprocessing = 0;
		};
		FEC4DF902B4867E800557A9C /* Resources */ = {
			isa = PBXResourcesBuildPhase;
			buildActionMask = 2147483647;
			files = (
			);
			runOnlyForDeploymentPostprocessing = 0;
		};
/* End PBXResourcesBuildPhase section */

/* Begin PBXSourcesBuildPhase section */
		FEC4DF6E2B4867E700557A9C /* Sources */ = {
			isa = PBXSourcesBuildPhase;
			buildActionMask = 2147483647;
			files = (
				FEC4DF7A2B4867E700557A9C /* ViewController.swift in Sources */,
				FEC4DF762B4867E700557A9C /* AppDelegate.swift in Sources */,
				FEC4DF782B4867E700557A9C /* SceneDelegate.swift in Sources */,
			);
			runOnlyForDeploymentPostprocessing = 0;
		};
		FEC4DF842B4867E800557A9C /* Sources */ = {
			isa = PBXSourcesBuildPhase;
			buildActionMask = 2147483647;
			files = (
				FEC4DF8D2B4867E800557A9C /* Floor_Is_LavaTests.swift in Sources */,
			);
			runOnlyForDeploymentPostprocessing = 0;
		};
		FEC4DF8E2B4867E800557A9C /* Sources */ = {
			isa = PBXSourcesBuildPhase;
			buildActionMask = 2147483647;
			files = (
				FEC4DF972B4867E800557A9C /* Floor_Is_LavaUITests.swift in Sources */,
				FEC4DF992B4867E800557A9C /* Floor_Is_LavaUITestsLaunchTests.swift in Sources */,
			);
			runOnlyForDeploymentPostprocessing = 0;
		};
/* End PBXSourcesBuildPhase section */

/* Begin PBXTargetDependency section */
		FEC4DF8A2B4867E800557A9C /* PBXTargetDependency */ = {
			isa = PBXTargetDependency;
			target = FEC4DF712B4867E700557A9C /* Floor Is Lava */;
			targetProxy = FEC4DF892B4867E800557A9C /* PBXContainerItemProxy */;
		};
		FEC4DF942B4867E800557A9C /* PBXTargetDependency */ = {
			isa = PBXTargetDependency;
			target = FEC4DF712B4867E700557A9C /* Floor Is Lava */;
			targetProxy = FEC4DF932B4867E800557A9C /* PBXContainerItemProxy */;
		};
/* End PBXTargetDependency section */

/* Begin PBXVariantGroup section */
		FEC4DF7B2B4867E700557A9C /* Main.storyboard */ = {
			isa = PBXVariantGroup;
			children = (
				FEC4DF7C2B4867E700557A9C /* Base */,
			);
			name = Main.storyboard;
			sourceTree = "<group>";
		};
		FEC4DF802B4867E800557A9C /* LaunchScreen.storyboard */ = {
			isa = PBXVariantGroup;
			children = (
				FEC4DF812B4867E800557A9C /* Base */,
			);
			name = LaunchScreen.storyboard;
			sourceTree = "<group>";
		};
/* End PBXVariantGroup section */

/* Begin XCBuildConfiguration section */
		FEC4DF9A2B4867E800557A9C /* Debug */ = {
			isa = XCBuildConfiguration;
			buildSettings = {
				ALWAYS_SEARCH_USER_PATHS = NO;
				ASSETCATALOG_COMPILER_GENERATE_SWIFT_ASSET_SYMBOL_EXTENSIONS = YES;
				CLANG_ANALYZER_NONNULL = YES;
				CLANG_ANALYZER_NUMBER_OBJECT_CONVERSION = YES_AGGRESSIVE;
				CLANG_CXX_LANGUAGE_STANDARD = "gnu++20";
				CLANG_ENABLE_MODULES = YES;
				CLANG_ENABLE_OBJC_ARC = YES;
				CLANG_ENABLE_OBJC_WEAK = YES;
				CLANG_WARN_BLOCK_CAPTURE_AUTORELEASING = YES;
				CLANG_WARN_BOOL_CONVERSION = YES;
				CLANG_WARN_COMMA = YES;
				CLANG_WARN_CONSTANT_CONVERSION = YES;
				CLANG_WARN_DEPRECATED_OBJC_IMPLEMENTATIONS = YES;
				CLANG_WARN_DIRECT_OBJC_ISA_USAGE = YES_ERROR;
				CLANG_WARN_DOCUMENTATION_COMMENTS = YES;
				CLANG_WARN_EMPTY_BODY = YES;
				CLANG_WARN_ENUM_CONVERSION = YES;
				CLANG_WARN_INFINITE_RECURSION = YES;
				CLANG_WARN_INT_CONVERSION = YES;
				CLANG_WARN_NON_LITERAL_NULL_CONVERSION = YES;
				CLANG_WARN_OBJC_IMPLICIT_RETAIN_SELF = YES;
				CLANG_WARN_OBJC_LITERAL_CONVERSION = YES;
				CLANG_WARN_OBJC_ROOT_CLASS = YES_ERROR;
				CLANG_WARN_QUOTED_INCLUDE_IN_FRAMEWORK_HEADER = YES;
				CLANG_WARN_RANGE_LOOP_ANALYSIS = YES;
				CLANG_WARN_STRICT_PROTOTYPES = YES;
				CLANG_WARN_SUSPICIOUS_MOVE = YES;
				CLANG_WARN_UNGUARDED_AVAILABILITY = YES_AGGRESSIVE;
				CLANG_WARN_UNREACHABLE_CODE = YES;
				CLANG_WARN__DUPLICATE_METHOD_MATCH = YES;
				COPY_PHASE_STRIP = NO;
				DEBUG_INFORMATION_FORMAT = dwarf;
				ENABLE_STRICT_OBJC_MSGSEND = YES;
				ENABLE_TESTABILITY = YES;
				ENABLE_USER_SCRIPT_SANDBOXING = YES;
				GCC_C_LANGUAGE_STANDARD = gnu17;
				GCC_DYNAMIC_NO_PIC = NO;
				GCC_NO_COMMON_BLOCKS = YES;
				GCC_OPTIMIZATION_LEVEL = 0;
				GCC_PREPROCESSOR_DEFINITIONS = (
					"DEBUG=1",
					"$(inherited)",
				);
				GCC_WARN_64_TO_32_BIT_CONVERSION = YES;
				GCC_WARN_ABOUT_RETURN_TYPE = YES_ERROR;
				GCC_WARN_UNDECLARED_SELECTOR = YES;
				GCC_WARN_UNINITIALIZED_AUTOS = YES_AGGRESSIVE;
				GCC_WARN_UNUSED_FUNCTION = YES;
				GCC_WARN_UNUSED_VARIABLE = YES;
				IPHONEOS_DEPLOYMENT_TARGET = 17.2;
				LOCALIZATION_PREFERS_STRING_CATALOGS = YES;
				MTL_ENABLE_DEBUG_INFO = INCLUDE_SOURCE;
				MTL_FAST_MATH = YES;
				ONLY_ACTIVE_ARCH = YES;
				SDKROOT = iphoneos;
				SWIFT_ACTIVE_COMPILATION_CONDITIONS = "DEBUG $(inherited)";
				SWIFT_OPTIMIZATION_LEVEL = "-Onone";
			};
			name = Debug;
		};
		FEC4DF9B2B4867E800557A9C /* Release */ = {
			isa = XCBuildConfiguration;
			buildSettings = {
				ALWAYS_SEARCH_USER_PATHS = NO;
				ASSETCATALOG_COMPILER_GENERATE_SWIFT_ASSET_SYMBOL_EXTENSIONS = YES;
				CLANG_ANALYZER_NONNULL = YES;
				CLANG_ANALYZER_NUMBER_OBJECT_CONVERSION = YES_AGGRESSIVE;
				CLANG_CXX_LANGUAGE_STANDARD = "gnu++20";
				CLANG_ENABLE_MODULES = YES;
				CLANG_ENABLE_OBJC_ARC = YES;
				CLANG_ENABLE_OBJC_WEAK = YES;
				CLANG_WARN_BLOCK_CAPTURE_AUTORELEASING = YES;
				CLANG_WARN_BOOL_CONVERSION = YES;
				CLANG_WARN_COMMA = YES;
				CLANG_WARN_CONSTANT_CONVERSION = YES;
				CLANG_WARN_DEPRECATED_OBJC_IMPLEMENTATIONS = YES;
				CLANG_WARN_DIRECT_OBJC_ISA_USAGE = YES_ERROR;
				CLANG_WARN_DOCUMENTATION_COMMENTS = YES;
				CLANG_WARN_EMPTY_BODY = YES;
				CLANG_WARN_ENUM_CONVERSION = YES;
				CLANG_WARN_INFINITE_RECURSION = YES;
				CLANG_WARN_INT_CONVERSION = YES;
				CLANG_WARN_NON_LITERAL_NULL_CONVERSION = YES;
				CLANG_WARN_OBJC_IMPLICIT_RETAIN_SELF = YES;
				CLANG_WARN_OBJC_LITERAL_CONVERSION = YES;
				CLANG_WARN_OBJC_ROOT_CLASS = YES_ERROR;
				CLANG_WARN_QUOTED_INCLUDE_IN_FRAMEWORK_HEADER = YES;
				CLANG_WARN_RANGE_LOOP_ANALYSIS = YES;
				CLANG_WARN_STRICT_PROTOTYPES = YES;
				CLANG_WARN_SUSPICIOUS_MOVE = YES;
				CLANG_WARN_UNGUARDED_AVAILABILITY = YES_AGGRESSIVE;
				CLANG_WARN_UNREACHABLE_CODE = YES;
				CLANG_WARN__DUPLICATE_METHOD_MATCH = YES;
				COPY_PHASE_STRIP = NO;
				DEBUG_INFORMATION_FORMAT = "dwarf-with-dsym";
				ENABLE_NS_ASSERTIONS = NO;
				ENABLE_STRICT_OBJC_MSGSEND = YES;
				ENABLE_USER_SCRIPT_SANDBOXING = YES;
				GCC_C_LANGUAGE_STANDARD = gnu17;
				GCC_NO_COMMON_BLOCKS = YES;
				GCC_WARN_64_TO_32_BIT_CONVERSION = YES;
				GCC_WARN_ABOUT_RETURN_TYPE = YES_ERROR;
				GCC_WARN_UNDECLARED_SELECTOR = YES;
				GCC_WARN_UNINITIALIZED_AUTOS = YES_AGGRESSIVE;
				GCC_WARN_UNUSED_FUNCTION = YES;
				GCC_WARN_UNUSED_VARIABLE = YES;
				IPHONEOS_DEPLOYMENT_TARGET = 17.2;
				LOCALIZATION_PREFERS_STRING_CATALOGS = YES;
				MTL_ENABLE_DEBUG_INFO = NO;
				MTL_FAST_MATH = YES;
				SDKROOT = iphoneos;
				SWIFT_COMPILATION_MODE = wholemodule;
				VALIDATE_PRODUCT = YES;
			};
			name = Release;
		};
		FEC4DF9D2B4867E800557A9C /* Debug */ = {
			isa = XCBuildConfiguration;
			buildSettings = {
				ASSETCATALOG_COMPILER_APPICON_NAME = AppIcon;
				ASSETCATALOG_COMPILER_GLOBAL_ACCENT_COLOR_NAME = AccentColor;
				CODE_SIGN_STYLE = Automatic;
				CURRENT_PROJECT_VERSION = 1;
				DEVELOPMENT_TEAM = MQFL6V4U56;
				GENERATE_INFOPLIST_FILE = YES;
				INFOPLIST_FILE = "Floor Is Lava/Info.plist";
				INFOPLIST_KEY_UIApplicationSupportsIndirectInputEvents = YES;
				INFOPLIST_KEY_UILaunchStoryboardName = LaunchScreen;
				INFOPLIST_KEY_UIMainStoryboardFile = Main;
				INFOPLIST_KEY_UISupportedInterfaceOrientations_iPad = "UIInterfaceOrientationPortrait UIInterfaceOrientationPortraitUpsideDown UIInterfaceOrientationLandscapeLeft UIInterfaceOrientationLandscapeRight";
				INFOPLIST_KEY_UISupportedInterfaceOrientations_iPhone = "UIInterfaceOrientationPortrait UIInterfaceOrientationLandscapeLeft UIInterfaceOrientationLandscapeRight";
				LD_RUNPATH_SEARCH_PATHS = (
					"$(inherited)",
					"@executable_path/Frameworks",
				);
				MARKETING_VERSION = 1.0;
				PRODUCT_BUNDLE_IDENTIFIER = "com.XtaticThought.Test.Floor-Is-Lava";
				PRODUCT_NAME = "$(TARGET_NAME)";
				SWIFT_EMIT_LOC_STRINGS = YES;
				SWIFT_VERSION = 5.0;
				TARGETED_DEVICE_FAMILY = "1,2";
			};
			name = Debug;
		};
		FEC4DF9E2B4867E800557A9C /* Release */ = {
			isa = XCBuildConfiguration;
			buildSettings = {
				ASSETCATALOG_COMPILER_APPICON_NAME = AppIcon;
				ASSETCATALOG_COMPILER_GLOBAL_ACCENT_COLOR_NAME = AccentColor;
				CODE_SIGN_STYLE = Automatic;
				CURRENT_PROJECT_VERSION = 1;
				DEVELOPMENT_TEAM = MQFL6V4U56;
				GENERATE_INFOPLIST_FILE = YES;
				INFOPLIST_FILE = "Floor Is Lava/Info.plist";
				INFOPLIST_KEY_UIApplicationSupportsIndirectInputEvents = YES;
				INFOPLIST_KEY_UILaunchStoryboardName = LaunchScreen;
				INFOPLIST_KEY_UIMainStoryboardFile = Main;
				INFOPLIST_KEY_UISupportedInterfaceOrientations_iPad = "UIInterfaceOrientationPortrait UIInterfaceOrientationPortraitUpsideDown UIInterfaceOrientationLandscapeLeft UIInterfaceOrientationLandscapeRight";
				INFOPLIST_KEY_UISupportedInterfaceOrientations_iPhone = "UIInterfaceOrientationPortrait UIInterfaceOrientationLandscapeLeft UIInterfaceOrientationLandscapeRight";
				LD_RUNPATH_SEARCH_PATHS = (
					"$(inherited)",
					"@executable_path/Frameworks",
				);
				MARKETING_VERSION = 1.0;
				PRODUCT_BUNDLE_IDENTIFIER = "com.XtaticThought.Test.Floor-Is-Lava";
				PRODUCT_NAME = "$(TARGET_NAME)";
				SWIFT_EMIT_LOC_STRINGS = YES;
				SWIFT_VERSION = 5.0;
				TARGETED_DEVICE_FAMILY = "1,2";
			};
			name = Release;
		};
		FEC4DFA02B4867E800557A9C /* Debug */ = {
			isa = XCBuildConfiguration;
			buildSettings = {
				ALWAYS_EMBED_SWIFT_STANDARD_LIBRARIES = YES;
				BUNDLE_LOADER = "$(TEST_HOST)";
				CODE_SIGN_STYLE = Automatic;
				CURRENT_PROJECT_VERSION = 1;
				DEVELOPMENT_TEAM = MQFL6V4U56;
				GENERATE_INFOPLIST_FILE = YES;
				IPHONEOS_DEPLOYMENT_TARGET = 17.2;
				MARKETING_VERSION = 1.0;
				PRODUCT_BUNDLE_IDENTIFIER = "com.XtaticThought.Test.Floor-Is-LavaTests";
				PRODUCT_NAME = "$(TARGET_NAME)";
				SWIFT_EMIT_LOC_STRINGS = NO;
				SWIFT_VERSION = 5.0;
				TARGETED_DEVICE_FAMILY = "1,2";
				TEST_HOST = "$(BUILT_PRODUCTS_DIR)/Floor Is Lava.app/$(BUNDLE_EXECUTABLE_FOLDER_PATH)/Floor Is Lava";
			};
			name = Debug;
		};
		FEC4DFA12B4867E800557A9C /* Release */ = {
			isa = XCBuildConfiguration;
			buildSettings = {
				ALWAYS_EMBED_SWIFT_STANDARD_LIBRARIES = YES;
				BUNDLE_LOADER = "$(TEST_HOST)";
				CODE_SIGN_STYLE = Automatic;
				CURRENT_PROJECT_VERSION = 1;
				DEVELOPMENT_TEAM = MQFL6V4U56;
				GENERATE_INFOPLIST_FILE = YES;
				IPHONEOS_DEPLOYMENT_TARGET = 17.2;
				MARKETING_VERSION = 1.0;
				PRODUCT_BUNDLE_IDENTIFIER = "com.XtaticThought.Test.Floor-Is-LavaTests";
				PRODUCT_NAME = "$(TARGET_NAME)";
				SWIFT_EMIT_LOC_STRINGS = NO;
				SWIFT_VERSION = 5.0;
				TARGETED_DEVICE_FAMILY = "1,2";
				TEST_HOST = "$(BUILT_PRODUCTS_DIR)/Floor Is Lava.app/$(BUNDLE_EXECUTABLE_FOLDER_PATH)/Floor Is Lava";
			};
			name = Release;
		};
		FEC4DFA32B4867E800557A9C /* Debug */ = {
			isa = XCBuildConfiguration;
			buildSettings = {
				ALWAYS_EMBED_SWIFT_STANDARD_LIBRARIES = YES;
				CODE_SIGN_STYLE = Automatic;
				CURRENT_PROJECT_VERSION = 1;
				DEVELOPMENT_TEAM = MQFL6V4U56;
				GENERATE_INFOPLIST_FILE = YES;
				MARKETING_VERSION = 1.0;
				PRODUCT_BUNDLE_IDENTIFIER = "com.XtaticThought.Test.Floor-Is-LavaUITests";
				PRODUCT_NAME = "$(TARGET_NAME)";
				SWIFT_EMIT_LOC_STRINGS = NO;
				SWIFT_VERSION = 5.0;
				TARGETED_DEVICE_FAMILY = "1,2";
				TEST_TARGET_NAME = "Floor Is Lava";
			};
			name = Debug;
		};
		FEC4DFA42B4867E800557A9C /* Release */ = {
			isa = XCBuildConfiguration;
			buildSettings = {
				ALWAYS_EMBED_SWIFT_STANDARD_LIBRARIES = YES;
				CODE_SIGN_STYLE = Automatic;
				CURRENT_PROJECT_VERSION = 1;
				DEVELOPMENT_TEAM = MQFL6V4U56;
				GENERATE_INFOPLIST_FILE = YES;
				MARKETING_VERSION = 1.0;
				PRODUCT_BUNDLE_IDENTIFIER = "com.XtaticThought.Test.Floor-Is-LavaUITests";
				PRODUCT_NAME = "$(TARGET_NAME)";
				SWIFT_EMIT_LOC_STRINGS = NO;
				SWIFT_VERSION = 5.0;
				TARGETED_DEVICE_FAMILY = "1,2";
				TEST_TARGET_NAME = "Floor Is Lava";
			};
			name = Release;
		};
/* End XCBuildConfiguration section */

/* Begin XCConfigurationList section */
		FEC4DF6D2B4867E700557A9C /* Build configuration list for PBXProject "Floor Is Lava" */ = {
			isa = XCConfigurationList;
			buildConfigurations = (
				FEC4DF9A2B4867E800557A9C /* Debug */,
				FEC4DF9B2B4867E800557A9C /* Release */,
			);
			defaultConfigurationIsVisible = 0;
			defaultConfigurationName = Release;
		};
		FEC4DF9C2B4867E800557A9C /* Build configuration list for PBXNativeTarget "Floor Is Lava" */ = {
			isa = XCConfigurationList;
			buildConfigurations = (
				FEC4DF9D2B4867E800557A9C /* Debug */,
				FEC4DF9E2B4867E800557A9C /* Release */,
			);
			defaultConfigurationIsVisible = 0;
			defaultConfigurationName = Release;
		};
		FEC4DF9F2B4867E800557A9C /* Build configuration list for PBXNativeTarget "Floor Is LavaTests" */ = {
			isa = XCConfigurationList;
			buildConfigurations = (
				FEC4DFA02B4867E800557A9C /* Debug */,
				FEC4DFA12B4867E800557A9C /* Release */,
			);
			defaultConfigurationIsVisible = 0;
			defaultConfigurationName = Release;
		};
		FEC4DFA22B4867E800557A9C /* Build configuration list for PBXNativeTarget "Floor Is LavaUITests" */ = {
			isa = XCConfigurationList;
			buildConfigurations = (
				FEC4DFA32B4867E800557A9C /* Debug */,
				FEC4DFA42B4867E800557A9C /* Release */,
			);
			defaultConfigurationIsVisible = 0;
			defaultConfigurationName = Release;
		};
/* End XCConfigurationList section */
	};
	rootObject = FEC4DF6A2B4867E700557A9C /* Project object */;
}
